PODS:
  - Crashlytics (3.12.0):
    - Fabric (~> 1.9.0)
  - Fabric (1.9.0)
  - JGProgressHUD (2.0.3)
  - QRCodeReader.swift (10.1.0)
  - SlideMenuControllerSwift (4.0.0)

DEPENDENCIES:
  - Crashlytics
  - Fabric
  - JGProgressHUD
  - QRCodeReader.swift
  - SlideMenuControllerSwift (from `https://github.com/itswisdomagain/SlideMenuControllerSwift.git`, branch `swift5`)

SPEC REPOS:
  https://github.com/cocoapods/specs.git:
    - Crashlytics
    - Fabric
    - JGProgressHUD
    - QRCodeReader.swift

EXTERNAL SOURCES:
  SlideMenuControllerSwift:
    :branch: swift5
    :git: https://github.com/itswisdomagain/SlideMenuControllerSwift.git

CHECKOUT OPTIONS:
  SlideMenuControllerSwift:
    :commit: d61e2a3bfaf8b6c0727667add98e40571728503f
    :git: https://github.com/itswisdomagain/SlideMenuControllerSwift.git

SPEC CHECKSUMS:
  Crashlytics: 07fb167b1694128c1c9a5a5cc319b0e9c3ca0933
  Fabric: f988e33c97f08930a413e08123064d2e5f68d655
  JGProgressHUD: 12b20a8f4ffe05258f8635c1ab92816e451f904d
  QRCodeReader.swift: 373a389fe9a22d513c879a32a6f647c58f4ef572
  SlideMenuControllerSwift: f9ec1ad1a95d211324d25b15dcdbc94881596716

PODFILE CHECKSUM: 7da2d820dc0020e8a212c85fd7c1eae0ee0df943

COCOAPODS: 1.6.1
