PODS:
  - JGProgressHUD (2.1)
  - QRCodeReader.swift (10.1.0)

DEPENDENCIES:
  - JGProgressHUD
  - QRCodeReader.swift

SPEC REPOS:
  trunk:
    - JGProgressHUD
    - QRCodeReader.swift

SPEC CHECKSUMS:
  JGProgressHUD: aa403e9a5b45cae98903c4600cccdd98c0c3ec90
  QRCodeReader.swift: 373a389fe9a22d513c879a32a6f647c58f4ef572

PODFILE CHECKSUM: 64169a56707a1ecbb7c4d47f0d73f353f9e24ba6

COCOAPODS: 1.9.1
