// !$*UTF8*$!
{
	archiveVersion = 1;
	classes = {
	};
	objectVersion = 48;
	objects = {

/* Begin PBXBuildFile section */
		1E3D73D7EA02D2D2D3CD052C /* Pods_Decred_Wallet.framework in Frameworks */ = {isa = PBXBuildFile; fileRef = E75324D536F1BD91575D0609 /* Pods_Decred_Wallet.framework */; };
		286471BD20E527DD0067128B /* DcrTransactionTraffic.swift in Sources */ = {isa = PBXBuildFile; fileRef = 286471BC20E527DD0067128B /* DcrTransactionTraffic.swift */; };
		286E279C20B6E22400EE0B08 /* DcrdWalletCreationSupport.swift in Sources */ = {isa = PBXBuildFile; fileRef = 286E279720B6E22300EE0B08 /* DcrdWalletCreationSupport.swift */; };
		286E279D20B6E22400EE0B08 /* DcrObservers.swift in Sources */ = {isa = PBXBuildFile; fileRef = 286E279820B6E22300EE0B08 /* DcrObservers.swift */; };
		286E279E20B6E22400EE0B08 /* DcrConnectionProtocols.swift in Sources */ = {isa = PBXBuildFile; fileRef = 286E279920B6E22300EE0B08 /* DcrConnectionProtocols.swift */; };
		286E279F20B6E22400EE0B08 /* DcrdSeedMnemonicSupport.swift in Sources */ = {isa = PBXBuildFile; fileRef = 286E279A20B6E22300EE0B08 /* DcrdSeedMnemonicSupport.swift */; };
		286E27A020B6E22400EE0B08 /* DcrdAccountsSupport.swift in Sources */ = {isa = PBXBuildFile; fileRef = 286E279B20B6E22300EE0B08 /* DcrdAccountsSupport.swift */; };
		2870338B20BC5E7D00BFD0B8 /* JsonEntities.swift in Sources */ = {isa = PBXBuildFile; fileRef = 2870338A20BC5E7D00BFD0B8 /* JsonEntities.swift */; };
		2883CA702099D40F0053D9BB /* DropDownSearchField.swift in Sources */ = {isa = PBXBuildFile; fileRef = 2883CA6F2099D40F0053D9BB /* DropDownSearchField.swift */; };
		2883CA72209B52AE0053D9BB /* WaiterScreenViewController.swift in Sources */ = {isa = PBXBuildFile; fileRef = 2883CA71209B52AE0053D9BB /* WaiterScreenViewController.swift */; };
		2883CA74209B5BA40053D9BB /* Modals.storyboard in Resources */ = {isa = PBXBuildFile; fileRef = 2883CA73209B5BA40053D9BB /* Modals.storyboard */; };
		289807DE20BEE55A00C30338 /* DcrTransactionHistorySupport.swift in Sources */ = {isa = PBXBuildFile; fileRef = 289807DD20BEE55A00C30338 /* DcrTransactionHistorySupport.swift */; };
		28EB91B820FCFD8F007A0906 /* GeneratedSeedDisplayViewController.swift in Sources */ = {isa = PBXBuildFile; fileRef = 28EB91B720FCFD8F007A0906 /* GeneratedSeedDisplayViewController.swift */; };
		28EB91BB20FCFDA1007A0906 /* SeedCheckupViewController.swift in Sources */ = {isa = PBXBuildFile; fileRef = 28EB91B920FCFDA0007A0906 /* SeedCheckupViewController.swift */; };
		28EB91BC20FCFDA1007A0906 /* CreatePasswordViewController.swift in Sources */ = {isa = PBXBuildFile; fileRef = 28EB91BA20FCFDA1007A0906 /* CreatePasswordViewController.swift */; };
		28EB91C720FCFDBE007A0906 /* TransactionHistoryTableViewCell.swift in Sources */ = {isa = PBXBuildFile; fileRef = 28EB91BE20FCFDBE007A0906 /* TransactionHistoryTableViewCell.swift */; };
		28EB91C820FCFDBE007A0906 /* BaseTableViewCell.swift in Sources */ = {isa = PBXBuildFile; fileRef = 28EB91BF20FCFDBE007A0906 /* BaseTableViewCell.swift */; };
		28EB91C920FCFDBE007A0906 /* TransactionHistoryTableViewCell.xib in Resources */ = {isa = PBXBuildFile; fileRef = 28EB91C020FCFDBE007A0906 /* TransactionHistoryTableViewCell.xib */; };
		28EB91CA20FCFDBE007A0906 /* AccountDataCell.swift in Sources */ = {isa = PBXBuildFile; fileRef = 28EB91C120FCFDBE007A0906 /* AccountDataCell.swift */; };
		28EB91CB20FCFDBE007A0906 /* AccountDataCell.xib in Resources */ = {isa = PBXBuildFile; fileRef = 28EB91C220FCFDBE007A0906 /* AccountDataCell.xib */; };
		28EB91CC20FCFDBE007A0906 /* DataTableViewCell.xib in Resources */ = {isa = PBXBuildFile; fileRef = 28EB91C320FCFDBE007A0906 /* DataTableViewCell.xib */; };
		28EB91CD20FCFDBE007A0906 /* MenuCell.swift in Sources */ = {isa = PBXBuildFile; fileRef = 28EB91C420FCFDBE007A0906 /* MenuCell.swift */; };
		28EB91CE20FCFDBE007A0906 /* DataTableViewCell.swift in Sources */ = {isa = PBXBuildFile; fileRef = 28EB91C520FCFDBE007A0906 /* DataTableViewCell.swift */; };
		28EB91CF20FCFDBE007A0906 /* MenuCell.xib in Resources */ = {isa = PBXBuildFile; fileRef = 28EB91C620FCFDBE007A0906 /* MenuCell.xib */; };
		28F0CE7320888258003AC958 /* Utils.swift in Sources */ = {isa = PBXBuildFile; fileRef = 28F0CE7220888258003AC958 /* Utils.swift */; };
		28F0CE7520888386003AC958 /* AppContext.swift in Sources */ = {isa = PBXBuildFile; fileRef = 28F0CE7420888386003AC958 /* AppContext.swift */; };
		28F3B7FA20C8356400D2E0D3 /* ObserverProxy.m in Sources */ = {isa = PBXBuildFile; fileRef = 28F3B7F920C8356400D2E0D3 /* ObserverProxy.m */; };
		8B3D0E3D23B1530A4386BF70 /* Pods_Decred_WalletTests.framework in Frameworks */ = {isa = PBXBuildFile; fileRef = 90D70AB3B6A12D58F510F54C /* Pods_Decred_WalletTests.framework */; };
		952C932720E2174B00A60E43 /* ConfirmToSendFundViewController.swift in Sources */ = {isa = PBXBuildFile; fileRef = 952C932620E2174B00A60E43 /* ConfirmToSendFundViewController.swift */; };
		952C932A20E247FE00A60E43 /* SendCompletedViewController.storyboard in Resources */ = {isa = PBXBuildFile; fileRef = 952C932920E247FE00A60E43 /* SendCompletedViewController.storyboard */; };
		952C932C20E2481500A60E43 /* SendCompletedViewController.swift in Sources */ = {isa = PBXBuildFile; fileRef = 952C932B20E2481500A60E43 /* SendCompletedViewController.swift */; };
		95404EBE20E113D700B34327 /* AccountsHeaderView.swift in Sources */ = {isa = PBXBuildFile; fileRef = 95404EBC20E113D700B34327 /* AccountsHeaderView.swift */; };
		95404EBF20E113D700B34327 /* AccountsHeaderView.xib in Resources */ = {isa = PBXBuildFile; fileRef = 95404EBD20E113D700B34327 /* AccountsHeaderView.xib */; };
		95473E6420E393C00023F50A /* TransactionFullDetailsViewController.swift in Sources */ = {isa = PBXBuildFile; fileRef = 95473E6320E393C00023F50A /* TransactionFullDetailsViewController.swift */; };
		95473E6620E393E50023F50A /* TransactionFullDetailsViewController.storyboard in Resources */ = {isa = PBXBuildFile; fileRef = 95473E6520E393E50023F50A /* TransactionFullDetailsViewController.storyboard */; };
		95473E6A20E39E3C0023F50A /* TransactiontInputDetails.swift in Sources */ = {isa = PBXBuildFile; fileRef = 95473E6820E39E3C0023F50A /* TransactiontInputDetails.swift */; };
		95473E6B20E39E3C0023F50A /* TransactiontInputDetails.xib in Resources */ = {isa = PBXBuildFile; fileRef = 95473E6920E39E3C0023F50A /* TransactiontInputDetails.xib */; };
		95473E6E20E39E7A0023F50A /* TransactiontOutputDetailsCell.swift in Sources */ = {isa = PBXBuildFile; fileRef = 95473E6C20E39E7A0023F50A /* TransactiontOutputDetailsCell.swift */; };
		95473E7120E3A4C20023F50A /* TransactiontOutputDetailsCell.xib in Resources */ = {isa = PBXBuildFile; fileRef = 95473E7020E3A4C00023F50A /* TransactiontOutputDetailsCell.xib */; };
		95473E7420E3A6420023F50A /* TransactionDetailCell.swift in Sources */ = {isa = PBXBuildFile; fileRef = 95473E7220E3A6420023F50A /* TransactionDetailCell.swift */; };
		95473E7520E3A6420023F50A /* TransactionDetailCell.xib in Resources */ = {isa = PBXBuildFile; fileRef = 95473E7320E3A6420023F50A /* TransactionDetailCell.xib */; };
		956D14AE20BF035D00624D68 /* wordlist.txt in Resources */ = {isa = PBXBuildFile; fileRef = 956D14AD20BF035C00624D68 /* wordlist.txt */; };
		957F0AFB20B80EA600D3E8A9 /* RecoverWalletViewController.swift in Sources */ = {isa = PBXBuildFile; fileRef = 957F0AF920B80EA600D3E8A9 /* RecoverWalletViewController.swift */; };
		957F0AFC20B80EA600D3E8A9 /* RecoverWalletViewController.xib in Resources */ = {isa = PBXBuildFile; fileRef = 957F0AFA20B80EA600D3E8A9 /* RecoverWalletViewController.xib */; };
		957F0AFF20B82F3200D3E8A9 /* Constants.swift in Sources */ = {isa = PBXBuildFile; fileRef = 957F0AFE20B82F3200D3E8A9 /* Constants.swift */; };
		95877FE820B70CBB00CE53D2 /* TransactionHistoryViewController.xib in Resources */ = {isa = PBXBuildFile; fileRef = 95877FE620B70CBB00CE53D2 /* TransactionHistoryViewController.xib */; };
		95877FE920B70CBB00CE53D2 /* TransactionHistoryViewController.swift in Sources */ = {isa = PBXBuildFile; fileRef = 95877FE720B70CBB00CE53D2 /* TransactionHistoryViewController.swift */; };
		958B537220CA9E5500F6684C /* Wallet.framework in Frameworks */ = {isa = PBXBuildFile; fileRef = 95AB6BDB20CA7DB900460281 /* Wallet.framework */; };
		95B80F3120DCCCF2004D5613 /* loaderAnimation.gif in Resources */ = {isa = PBXBuildFile; fileRef = 95B80F2F20DCCCF2004D5613 /* loaderAnimation.gif */; };
		95B80F3220DCCCF2004D5613 /* iOSDevCenters+GIF.swift in Sources */ = {isa = PBXBuildFile; fileRef = 95B80F3020DCCCF2004D5613 /* iOSDevCenters+GIF.swift */; };
		95CC024420D3F15800DA73AF /* AccountsData.swift in Sources */ = {isa = PBXBuildFile; fileRef = 95CC024320D3F15800DA73AF /* AccountsData.swift */; };
		95E1C96E20FCD43E00D7F3EE /* TextFieldDoneButton.swift in Sources */ = {isa = PBXBuildFile; fileRef = 95E1C96D20FCD43E00D7F3EE /* TextFieldDoneButton.swift */; };
		B853136BC96255F028D8CB64 /* Pods_Decred_Wallet.framework in Frameworks */ = {isa = PBXBuildFile; fileRef = 28FD1BD0208F6C9A0051F58F /* Pods_Decred_Wallet.framework */; };
		DD0C493E208A160900986C6B /* WalletSetupViewController.swift in Sources */ = {isa = PBXBuildFile; fileRef = DD0C493D208A160900986C6B /* WalletSetupViewController.swift */; };
		DD0C4940208A401A00986C6B /* saveSeedViewController.swift in Sources */ = {isa = PBXBuildFile; fileRef = DD0C493F208A401A00986C6B /* saveSeedViewController.swift */; };
		DD1D5C7C20AED828009789DD /* certificateViewController.swift in Sources */ = {isa = PBXBuildFile; fileRef = DD1D5C7B20AED824009789DD /* certificateViewController.swift */; };
		DD1D5C7E20AEDB15009789DD /* WalletLogViewController.swift in Sources */ = {isa = PBXBuildFile; fileRef = DD1D5C7D20AEDB15009789DD /* WalletLogViewController.swift */; };
		DD1D5C8020AEDB2B009789DD /* NodeLogViewController.swift in Sources */ = {isa = PBXBuildFile; fileRef = DD1D5C7F20AEDB2B009789DD /* NodeLogViewController.swift */; };
		DD1D5C8220AEE90D009789DD /* ServerSetTableViewController.swift in Sources */ = {isa = PBXBuildFile; fileRef = DD1D5C8120AEE90D009789DD /* ServerSetTableViewController.swift */; };
		DD1D5C8420AEE9FF009789DD /* PeerSetTableViewController.swift in Sources */ = {isa = PBXBuildFile; fileRef = DD1D5C8320AEE9FE009789DD /* PeerSetTableViewController.swift */; };
		DD24AFA420A6ED70009EC84F /* NetworkModeTableViewController.swift in Sources */ = {isa = PBXBuildFile; fileRef = DD24AFA320A6ED70009EC84F /* NetworkModeTableViewController.swift */; };
		DD41975F202F99A90044F068 /* SubContentsViewController.swift in Sources */ = {isa = PBXBuildFile; fileRef = DD41975E202F99A90044F068 /* SubContentsViewController.swift */; };
		DD419763202F9B570044F068 /* UITableViewExtension.swift in Sources */ = {isa = PBXBuildFile; fileRef = DD419762202F9B570044F068 /* UITableViewExtension.swift */; };
		DD4C89D92038EC12003FEA0C /* DropMenuButton.swift in Sources */ = {isa = PBXBuildFile; fileRef = DD4C89D82038CDBC003FEA0C /* DropMenuButton.swift */; };
		DD4C89DA2038EC3F003FEA0C /* keyPadButton.swift in Sources */ = {isa = PBXBuildFile; fileRef = DD4C89D72038CABD003FEA0C /* keyPadButton.swift */; };
		DD96B33F20293F110046F2DD /* LeftViewController.swift in Sources */ = {isa = PBXBuildFile; fileRef = DD96B33E20293F110046F2DD /* LeftViewController.swift */; };
		DDA3E26E20292EF900C83D18 /* AppDelegate.swift in Sources */ = {isa = PBXBuildFile; fileRef = DDA3E26D20292EF900C83D18 /* AppDelegate.swift */; };
		DDA3E27020292EF900C83D18 /* ViewController.swift in Sources */ = {isa = PBXBuildFile; fileRef = DDA3E26F20292EF900C83D18 /* ViewController.swift */; };
		DDA3E27320292EF900C83D18 /* Main.storyboard in Resources */ = {isa = PBXBuildFile; fileRef = DDA3E27120292EF900C83D18 /* Main.storyboard */; };
		DDA3E27520292EF900C83D18 /* Assets.xcassets in Resources */ = {isa = PBXBuildFile; fileRef = DDA3E27420292EF900C83D18 /* Assets.xcassets */; };
		DDA3E27820292EF900C83D18 /* LaunchScreen.storyboard in Resources */ = {isa = PBXBuildFile; fileRef = DDA3E27620292EF900C83D18 /* LaunchScreen.storyboard */; };
		DDA3E28320292EF900C83D18 /* Decred_WalletTests.swift in Sources */ = {isa = PBXBuildFile; fileRef = DDA3E28220292EF900C83D18 /* Decred_WalletTests.swift */; };
		DDB89402202F771F002F85EE /* UIViewController.swift in Sources */ = {isa = PBXBuildFile; fileRef = DDB89401202F771F002F85EE /* UIViewController.swift */; };
		DDB89404202F7E01002F85EE /* SendViewController.swift in Sources */ = {isa = PBXBuildFile; fileRef = DDB89403202F7E01002F85EE /* SendViewController.swift */; };
		DDB89409202F824A002F85EE /* ReceiveViewController.swift in Sources */ = {isa = PBXBuildFile; fileRef = DDB89408202F824A002F85EE /* ReceiveViewController.swift */; };
		DDB8940B202F82A3002F85EE /* AccountViewController.swift in Sources */ = {isa = PBXBuildFile; fileRef = DDB8940A202F82A3002F85EE /* AccountViewController.swift */; };
		DDB8940D202F82E6002F85EE /* SettingsController.swift in Sources */ = {isa = PBXBuildFile; fileRef = DDB8940C202F82E6002F85EE /* SettingsController.swift */; };
		DDB89411202F8471002F85EE /* String.swift in Sources */ = {isa = PBXBuildFile; fileRef = DDB89410202F8471002F85EE /* String.swift */; };
		DDB89413202F8635002F85EE /* ImageHeaderView.swift in Sources */ = {isa = PBXBuildFile; fileRef = DDB89412202F8635002F85EE /* ImageHeaderView.swift */; };
		DDB89415202F8D11002F85EE /* ImageHeaderView.xib in Resources */ = {isa = PBXBuildFile; fileRef = DDB89414202F8D11002F85EE /* ImageHeaderView.xib */; };
		DDB89417202F8EE2002F85EE /* UIImageView.swift in Sources */ = {isa = PBXBuildFile; fileRef = DDB89416202F8EE2002F85EE /* UIImageView.swift */; };
		DDB89419202F8F3E002F85EE /* UIIMage.swift in Sources */ = {isa = PBXBuildFile; fileRef = DDB89418202F8F3E002F85EE /* UIIMage.swift */; };
		DDB8941B202F8F92002F85EE /* UIColor.swift in Sources */ = {isa = PBXBuildFile; fileRef = DDB8941A202F8F92002F85EE /* UIColor.swift */; };
		DDB8941D202F9252002F85EE /* ExSlideMenuController.swift in Sources */ = {isa = PBXBuildFile; fileRef = DDB8941C202F9252002F85EE /* ExSlideMenuController.swift */; };
		DDB8941F202F937F002F85EE /* RightViewController.swift in Sources */ = {isa = PBXBuildFile; fileRef = DDB8941E202F937F002F85EE /* RightViewController.swift */; };
		DDB89421202F93B3002F85EE /* OverviewViewController.swift in Sources */ = {isa = PBXBuildFile; fileRef = DDB89420202F93B3002F85EE /* OverviewViewController.swift */; };
		DDB89427202F955F002F85EE /* UIView.swift in Sources */ = {isa = PBXBuildFile; fileRef = DDB89426202F955F002F85EE /* UIView.swift */; };
		DDB89429202F95AC002F85EE /* UIApplication.swift in Sources */ = {isa = PBXBuildFile; fileRef = DDB89428202F95AC002F85EE /* UIApplication.swift */; };
		DDBC152C2095D2E900F68BA6 /* encryptWalletViewController.swift in Sources */ = {isa = PBXBuildFile; fileRef = DDBC152B2095D2E900F68BA6 /* encryptWalletViewController.swift */; };
/* End PBXBuildFile section */

/* Begin PBXContainerItemProxy section */
		DDA3E27F20292EF900C83D18 /* PBXContainerItemProxy */ = {
			isa = PBXContainerItemProxy;
			containerPortal = DDA3E26220292EF900C83D18 /* Project object */;
			proxyType = 1;
			remoteGlobalIDString = DDA3E26920292EF900C83D18;
			remoteInfo = "Decred Wallet";
		};
/* End PBXContainerItemProxy section */

/* Begin PBXCopyFilesBuildPhase section */
		28F0CE952088B1AF003AC958 /* Embed Frameworks */ = {
			isa = PBXCopyFilesBuildPhase;
			buildActionMask = 2147483647;
			dstPath = "";
			dstSubfolderSpec = 10;
			files = (
			);
			name = "Embed Frameworks";
			runOnlyForDeploymentPostprocessing = 0;
		};
/* End PBXCopyFilesBuildPhase section */

/* Begin PBXFileReference section */
		109877DFD2DABA7636DA7B92 /* Pods-Decred WalletTests.debug.xcconfig */ = {isa = PBXFileReference; includeInIndex = 1; lastKnownFileType = text.xcconfig; name = "Pods-Decred WalletTests.debug.xcconfig"; path = "Pods/Target Support Files/Pods-Decred WalletTests/Pods-Decred WalletTests.debug.xcconfig"; sourceTree = "<group>"; };
		286471BC20E527DD0067128B /* DcrTransactionTraffic.swift */ = {isa = PBXFileReference; fileEncoding = 4; lastKnownFileType = sourcecode.swift; path = DcrTransactionTraffic.swift; sourceTree = "<group>"; };
		286E279720B6E22300EE0B08 /* DcrdWalletCreationSupport.swift */ = {isa = PBXFileReference; fileEncoding = 4; lastKnownFileType = sourcecode.swift; path = DcrdWalletCreationSupport.swift; sourceTree = "<group>"; };
		286E279820B6E22300EE0B08 /* DcrObservers.swift */ = {isa = PBXFileReference; fileEncoding = 4; lastKnownFileType = sourcecode.swift; path = DcrObservers.swift; sourceTree = "<group>"; };
		286E279920B6E22300EE0B08 /* DcrConnectionProtocols.swift */ = {isa = PBXFileReference; fileEncoding = 4; lastKnownFileType = sourcecode.swift; path = DcrConnectionProtocols.swift; sourceTree = "<group>"; };
		286E279A20B6E22300EE0B08 /* DcrdSeedMnemonicSupport.swift */ = {isa = PBXFileReference; fileEncoding = 4; lastKnownFileType = sourcecode.swift; path = DcrdSeedMnemonicSupport.swift; sourceTree = "<group>"; };
		286E279B20B6E22300EE0B08 /* DcrdAccountsSupport.swift */ = {isa = PBXFileReference; fileEncoding = 4; lastKnownFileType = sourcecode.swift; path = DcrdAccountsSupport.swift; sourceTree = "<group>"; };
		2870338A20BC5E7D00BFD0B8 /* JsonEntities.swift */ = {isa = PBXFileReference; lastKnownFileType = sourcecode.swift; path = JsonEntities.swift; sourceTree = "<group>"; };
		2883CA6F2099D40F0053D9BB /* DropDownSearchField.swift */ = {isa = PBXFileReference; fileEncoding = 4; lastKnownFileType = sourcecode.swift; path = DropDownSearchField.swift; sourceTree = "<group>"; };
		2883CA71209B52AE0053D9BB /* WaiterScreenViewController.swift */ = {isa = PBXFileReference; lastKnownFileType = sourcecode.swift; path = WaiterScreenViewController.swift; sourceTree = "<group>"; };
		2883CA73209B5BA40053D9BB /* Modals.storyboard */ = {isa = PBXFileReference; lastKnownFileType = file.storyboard; path = Modals.storyboard; sourceTree = "<group>"; };
		289807DD20BEE55A00C30338 /* DcrTransactionHistorySupport.swift */ = {isa = PBXFileReference; lastKnownFileType = sourcecode.swift; path = DcrTransactionHistorySupport.swift; sourceTree = "<group>"; };
		28EB91B720FCFD8F007A0906 /* GeneratedSeedDisplayViewController.swift */ = {isa = PBXFileReference; fileEncoding = 4; lastKnownFileType = sourcecode.swift; name = GeneratedSeedDisplayViewController.swift; path = view_controller/GeneratedSeedDisplayViewController.swift; sourceTree = "<group>"; };
		28EB91B920FCFDA0007A0906 /* SeedCheckupViewController.swift */ = {isa = PBXFileReference; fileEncoding = 4; lastKnownFileType = sourcecode.swift; name = SeedCheckupViewController.swift; path = view_controller/SeedCheckupViewController.swift; sourceTree = "<group>"; };
		28EB91BA20FCFDA1007A0906 /* CreatePasswordViewController.swift */ = {isa = PBXFileReference; fileEncoding = 4; lastKnownFileType = sourcecode.swift; name = CreatePasswordViewController.swift; path = view_controller/CreatePasswordViewController.swift; sourceTree = "<group>"; };
		28EB91BE20FCFDBE007A0906 /* TransactionHistoryTableViewCell.swift */ = {isa = PBXFileReference; fileEncoding = 4; lastKnownFileType = sourcecode.swift; path = TransactionHistoryTableViewCell.swift; sourceTree = "<group>"; };
		28EB91BF20FCFDBE007A0906 /* BaseTableViewCell.swift */ = {isa = PBXFileReference; fileEncoding = 4; lastKnownFileType = sourcecode.swift; path = BaseTableViewCell.swift; sourceTree = "<group>"; };
		28EB91C020FCFDBE007A0906 /* TransactionHistoryTableViewCell.xib */ = {isa = PBXFileReference; fileEncoding = 4; lastKnownFileType = file.xib; path = TransactionHistoryTableViewCell.xib; sourceTree = "<group>"; };
		28EB91C120FCFDBE007A0906 /* AccountDataCell.swift */ = {isa = PBXFileReference; fileEncoding = 4; lastKnownFileType = sourcecode.swift; path = AccountDataCell.swift; sourceTree = "<group>"; };
		28EB91C220FCFDBE007A0906 /* AccountDataCell.xib */ = {isa = PBXFileReference; fileEncoding = 4; lastKnownFileType = file.xib; path = AccountDataCell.xib; sourceTree = "<group>"; };
		28EB91C320FCFDBE007A0906 /* DataTableViewCell.xib */ = {isa = PBXFileReference; fileEncoding = 4; lastKnownFileType = file.xib; path = DataTableViewCell.xib; sourceTree = "<group>"; };
		28EB91C420FCFDBE007A0906 /* MenuCell.swift */ = {isa = PBXFileReference; fileEncoding = 4; lastKnownFileType = sourcecode.swift; path = MenuCell.swift; sourceTree = "<group>"; };
		28EB91C520FCFDBE007A0906 /* DataTableViewCell.swift */ = {isa = PBXFileReference; fileEncoding = 4; lastKnownFileType = sourcecode.swift; path = DataTableViewCell.swift; sourceTree = "<group>"; };
		28EB91C620FCFDBE007A0906 /* MenuCell.xib */ = {isa = PBXFileReference; fileEncoding = 4; lastKnownFileType = file.xib; path = MenuCell.xib; sourceTree = "<group>"; };
		28F0CE7220888258003AC958 /* Utils.swift */ = {isa = PBXFileReference; lastKnownFileType = sourcecode.swift; path = Utils.swift; sourceTree = "<group>"; };
		28F0CE7420888386003AC958 /* AppContext.swift */ = {isa = PBXFileReference; lastKnownFileType = sourcecode.swift; path = AppContext.swift; sourceTree = "<group>"; };
		28F3B7F420C5889900D2E0D3 /* decred_wallet-Bridging-Header.h */ = {isa = PBXFileReference; lastKnownFileType = sourcecode.c.h; path = "decred_wallet-Bridging-Header.h"; sourceTree = "<group>"; };
		28F3B7F520C5889900D2E0D3 /* ObserverProxy.h */ = {isa = PBXFileReference; lastKnownFileType = sourcecode.c.h; path = ObserverProxy.h; sourceTree = "<group>"; };
		28F3B7F920C8356400D2E0D3 /* ObserverProxy.m */ = {isa = PBXFileReference; lastKnownFileType = sourcecode.c.objc; path = ObserverProxy.m; sourceTree = "<group>"; };
		28FD1BC1208E659A0051F58F /* Pods_Decred_Wallet.framework */ = {isa = PBXFileReference; explicitFileType = wrapper.framework; path = Pods_Decred_Wallet.framework; sourceTree = BUILT_PRODUCTS_DIR; };
		28FD1BC5208E667F0051F58F /* Pods_Decred_Wallet.framework */ = {isa = PBXFileReference; explicitFileType = wrapper.framework; path = Pods_Decred_Wallet.framework; sourceTree = BUILT_PRODUCTS_DIR; };
		28FD1BD0208F6C9A0051F58F /* Pods_Decred_Wallet.framework */ = {isa = PBXFileReference; explicitFileType = wrapper.framework; path = Pods_Decred_Wallet.framework; sourceTree = BUILT_PRODUCTS_DIR; };
		2C59C3E0BD7A56A91BB0B9B1 /* Pods-Decred Wallet.debug.xcconfig */ = {isa = PBXFileReference; includeInIndex = 1; lastKnownFileType = text.xcconfig; name = "Pods-Decred Wallet.debug.xcconfig"; path = "Pods/Target Support Files/Pods-Decred Wallet/Pods-Decred Wallet.debug.xcconfig"; sourceTree = "<group>"; };
		31D8BF868913ED4E2A4B0577 /* Pods-Decred Wallet.release.xcconfig */ = {isa = PBXFileReference; includeInIndex = 1; lastKnownFileType = text.xcconfig; name = "Pods-Decred Wallet.release.xcconfig"; path = "Pods/Target Support Files/Pods-Decred Wallet/Pods-Decred Wallet.release.xcconfig"; sourceTree = "<group>"; };
		90D70AB3B6A12D58F510F54C /* Pods_Decred_WalletTests.framework */ = {isa = PBXFileReference; explicitFileType = wrapper.framework; includeInIndex = 0; path = Pods_Decred_WalletTests.framework; sourceTree = BUILT_PRODUCTS_DIR; };
		952C932620E2174B00A60E43 /* ConfirmToSendFundViewController.swift */ = {isa = PBXFileReference; fileEncoding = 4; lastKnownFileType = sourcecode.swift; path = ConfirmToSendFundViewController.swift; sourceTree = "<group>"; };
		952C932920E247FE00A60E43 /* SendCompletedViewController.storyboard */ = {isa = PBXFileReference; lastKnownFileType = file.storyboard; path = SendCompletedViewController.storyboard; sourceTree = "<group>"; };
		952C932B20E2481500A60E43 /* SendCompletedViewController.swift */ = {isa = PBXFileReference; lastKnownFileType = sourcecode.swift; path = SendCompletedViewController.swift; sourceTree = "<group>"; };
		95404EBC20E113D700B34327 /* AccountsHeaderView.swift */ = {isa = PBXFileReference; fileEncoding = 4; lastKnownFileType = sourcecode.swift; path = AccountsHeaderView.swift; sourceTree = "<group>"; };
		95404EBD20E113D700B34327 /* AccountsHeaderView.xib */ = {isa = PBXFileReference; fileEncoding = 4; lastKnownFileType = file.xib; path = AccountsHeaderView.xib; sourceTree = "<group>"; };
		95473E6320E393C00023F50A /* TransactionFullDetailsViewController.swift */ = {isa = PBXFileReference; lastKnownFileType = sourcecode.swift; path = TransactionFullDetailsViewController.swift; sourceTree = "<group>"; };
		95473E6520E393E50023F50A /* TransactionFullDetailsViewController.storyboard */ = {isa = PBXFileReference; lastKnownFileType = file.storyboard; path = TransactionFullDetailsViewController.storyboard; sourceTree = "<group>"; };
		95473E6820E39E3C0023F50A /* TransactiontInputDetails.swift */ = {isa = PBXFileReference; lastKnownFileType = sourcecode.swift; path = TransactiontInputDetails.swift; sourceTree = "<group>"; };
		95473E6920E39E3C0023F50A /* TransactiontInputDetails.xib */ = {isa = PBXFileReference; lastKnownFileType = file.xib; path = TransactiontInputDetails.xib; sourceTree = "<group>"; };
		95473E6C20E39E7A0023F50A /* TransactiontOutputDetailsCell.swift */ = {isa = PBXFileReference; lastKnownFileType = sourcecode.swift; path = TransactiontOutputDetailsCell.swift; sourceTree = "<group>"; };
		95473E7020E3A4C00023F50A /* TransactiontOutputDetailsCell.xib */ = {isa = PBXFileReference; fileEncoding = 4; lastKnownFileType = file.xib; path = TransactiontOutputDetailsCell.xib; sourceTree = "<group>"; };
		95473E7220E3A6420023F50A /* TransactionDetailCell.swift */ = {isa = PBXFileReference; lastKnownFileType = sourcecode.swift; path = TransactionDetailCell.swift; sourceTree = "<group>"; };
		95473E7320E3A6420023F50A /* TransactionDetailCell.xib */ = {isa = PBXFileReference; lastKnownFileType = file.xib; path = TransactionDetailCell.xib; sourceTree = "<group>"; };
		956D14AD20BF035C00624D68 /* wordlist.txt */ = {isa = PBXFileReference; fileEncoding = 4; lastKnownFileType = text; path = wordlist.txt; sourceTree = "<group>"; };
		957F0AF920B80EA600D3E8A9 /* RecoverWalletViewController.swift */ = {isa = PBXFileReference; lastKnownFileType = sourcecode.swift; path = RecoverWalletViewController.swift; sourceTree = "<group>"; };
		957F0AFA20B80EA600D3E8A9 /* RecoverWalletViewController.xib */ = {isa = PBXFileReference; lastKnownFileType = file.xib; path = RecoverWalletViewController.xib; sourceTree = "<group>"; };
		957F0AFE20B82F3200D3E8A9 /* Constants.swift */ = {isa = PBXFileReference; lastKnownFileType = sourcecode.swift; path = Constants.swift; sourceTree = "<group>"; };
		95877FE620B70CBB00CE53D2 /* TransactionHistoryViewController.xib */ = {isa = PBXFileReference; fileEncoding = 4; lastKnownFileType = file.xib; path = TransactionHistoryViewController.xib; sourceTree = "<group>"; };
		95877FE720B70CBB00CE53D2 /* TransactionHistoryViewController.swift */ = {isa = PBXFileReference; fileEncoding = 4; lastKnownFileType = sourcecode.swift; path = TransactionHistoryViewController.swift; sourceTree = "<group>"; };
		95AB6BDB20CA7DB900460281 /* Wallet.framework */ = {isa = PBXFileReference; lastKnownFileType = wrapper.framework; name = Wallet.framework; path = wallet/debug/Wallet.framework; sourceTree = "<group>"; };
		95B80F2F20DCCCF2004D5613 /* loaderAnimation.gif */ = {isa = PBXFileReference; lastKnownFileType = image.gif; path = loaderAnimation.gif; sourceTree = "<group>"; };
		95B80F3020DCCCF2004D5613 /* iOSDevCenters+GIF.swift */ = {isa = PBXFileReference; fileEncoding = 4; lastKnownFileType = sourcecode.swift; path = "iOSDevCenters+GIF.swift"; sourceTree = "<group>"; };
		95CC024320D3F15800DA73AF /* AccountsData.swift */ = {isa = PBXFileReference; lastKnownFileType = sourcecode.swift; path = AccountsData.swift; sourceTree = "<group>"; };
		95E1C96D20FCD43E00D7F3EE /* TextFieldDoneButton.swift */ = {isa = PBXFileReference; fileEncoding = 4; lastKnownFileType = sourcecode.swift; path = TextFieldDoneButton.swift; sourceTree = "<group>"; };
		A1A97C56BC75512DA55A8A70 /* Pods-Decred WalletTests.release.xcconfig */ = {isa = PBXFileReference; includeInIndex = 1; lastKnownFileType = text.xcconfig; name = "Pods-Decred WalletTests.release.xcconfig"; path = "Pods/Target Support Files/Pods-Decred WalletTests/Pods-Decred WalletTests.release.xcconfig"; sourceTree = "<group>"; };
		DD0C493D208A160900986C6B /* WalletSetupViewController.swift */ = {isa = PBXFileReference; lastKnownFileType = sourcecode.swift; path = WalletSetupViewController.swift; sourceTree = "<group>"; };
		DD0C493F208A401A00986C6B /* saveSeedViewController.swift */ = {isa = PBXFileReference; lastKnownFileType = sourcecode.swift; path = saveSeedViewController.swift; sourceTree = "<group>"; };
		DD1D5C7B20AED824009789DD /* certificateViewController.swift */ = {isa = PBXFileReference; lastKnownFileType = sourcecode.swift; path = certificateViewController.swift; sourceTree = "<group>"; };
		DD1D5C7D20AEDB15009789DD /* WalletLogViewController.swift */ = {isa = PBXFileReference; lastKnownFileType = sourcecode.swift; path = WalletLogViewController.swift; sourceTree = "<group>"; };
		DD1D5C7F20AEDB2B009789DD /* NodeLogViewController.swift */ = {isa = PBXFileReference; lastKnownFileType = sourcecode.swift; path = NodeLogViewController.swift; sourceTree = "<group>"; };
		DD1D5C8120AEE90D009789DD /* ServerSetTableViewController.swift */ = {isa = PBXFileReference; lastKnownFileType = sourcecode.swift; path = ServerSetTableViewController.swift; sourceTree = "<group>"; };
		DD1D5C8320AEE9FE009789DD /* PeerSetTableViewController.swift */ = {isa = PBXFileReference; lastKnownFileType = sourcecode.swift; path = PeerSetTableViewController.swift; sourceTree = "<group>"; };
		DD24AFA320A6ED70009EC84F /* NetworkModeTableViewController.swift */ = {isa = PBXFileReference; lastKnownFileType = sourcecode.swift; path = NetworkModeTableViewController.swift; sourceTree = "<group>"; };
		DD41975E202F99A90044F068 /* SubContentsViewController.swift */ = {isa = PBXFileReference; lastKnownFileType = sourcecode.swift; path = SubContentsViewController.swift; sourceTree = "<group>"; };
		DD419762202F9B570044F068 /* UITableViewExtension.swift */ = {isa = PBXFileReference; lastKnownFileType = sourcecode.swift; path = UITableViewExtension.swift; sourceTree = "<group>"; };
		DD4C89D72038CABD003FEA0C /* keyPadButton.swift */ = {isa = PBXFileReference; lastKnownFileType = sourcecode.swift; path = keyPadButton.swift; sourceTree = "<group>"; };
		DD4C89D82038CDBC003FEA0C /* DropMenuButton.swift */ = {isa = PBXFileReference; lastKnownFileType = sourcecode.swift; path = DropMenuButton.swift; sourceTree = "<group>"; };
		DD96B33E20293F110046F2DD /* LeftViewController.swift */ = {isa = PBXFileReference; lastKnownFileType = sourcecode.swift; path = LeftViewController.swift; sourceTree = "<group>"; };
		DDA3E26A20292EF900C83D18 /* DecredWallet.app */ = {isa = PBXFileReference; explicitFileType = wrapper.application; includeInIndex = 0; path = DecredWallet.app; sourceTree = BUILT_PRODUCTS_DIR; };
		DDA3E26D20292EF900C83D18 /* AppDelegate.swift */ = {isa = PBXFileReference; lastKnownFileType = sourcecode.swift; path = AppDelegate.swift; sourceTree = "<group>"; };
		DDA3E26F20292EF900C83D18 /* ViewController.swift */ = {isa = PBXFileReference; lastKnownFileType = sourcecode.swift; path = ViewController.swift; sourceTree = "<group>"; };
		DDA3E27220292EF900C83D18 /* Base */ = {isa = PBXFileReference; lastKnownFileType = file.storyboard; name = Base; path = Base.lproj/Main.storyboard; sourceTree = "<group>"; };
		DDA3E27420292EF900C83D18 /* Assets.xcassets */ = {isa = PBXFileReference; lastKnownFileType = folder.assetcatalog; path = Assets.xcassets; sourceTree = "<group>"; };
		DDA3E27720292EF900C83D18 /* Base */ = {isa = PBXFileReference; lastKnownFileType = file.storyboard; name = Base; path = Base.lproj/LaunchScreen.storyboard; sourceTree = "<group>"; };
		DDA3E27920292EF900C83D18 /* Info.plist */ = {isa = PBXFileReference; lastKnownFileType = text.plist.xml; path = Info.plist; sourceTree = "<group>"; };
		DDA3E27E20292EF900C83D18 /* Decred WalletTests.xctest */ = {isa = PBXFileReference; explicitFileType = wrapper.cfbundle; includeInIndex = 0; path = "Decred WalletTests.xctest"; sourceTree = BUILT_PRODUCTS_DIR; };
		DDA3E28220292EF900C83D18 /* Decred_WalletTests.swift */ = {isa = PBXFileReference; lastKnownFileType = sourcecode.swift; path = Decred_WalletTests.swift; sourceTree = "<group>"; };
		DDA3E28420292EF900C83D18 /* Info.plist */ = {isa = PBXFileReference; lastKnownFileType = text.plist.xml; path = Info.plist; sourceTree = "<group>"; };
		DDB89401202F771F002F85EE /* UIViewController.swift */ = {isa = PBXFileReference; lastKnownFileType = sourcecode.swift; path = UIViewController.swift; sourceTree = "<group>"; };
		DDB89403202F7E01002F85EE /* SendViewController.swift */ = {isa = PBXFileReference; lastKnownFileType = sourcecode.swift; path = SendViewController.swift; sourceTree = "<group>"; };
		DDB89408202F824A002F85EE /* ReceiveViewController.swift */ = {isa = PBXFileReference; lastKnownFileType = sourcecode.swift; path = ReceiveViewController.swift; sourceTree = "<group>"; };
		DDB8940A202F82A3002F85EE /* AccountViewController.swift */ = {isa = PBXFileReference; lastKnownFileType = sourcecode.swift; path = AccountViewController.swift; sourceTree = "<group>"; };
		DDB8940C202F82E6002F85EE /* SettingsController.swift */ = {isa = PBXFileReference; lastKnownFileType = sourcecode.swift; path = SettingsController.swift; sourceTree = "<group>"; };
		DDB89410202F8471002F85EE /* String.swift */ = {isa = PBXFileReference; lastKnownFileType = sourcecode.swift; path = String.swift; sourceTree = "<group>"; };
		DDB89412202F8635002F85EE /* ImageHeaderView.swift */ = {isa = PBXFileReference; lastKnownFileType = sourcecode.swift; path = ImageHeaderView.swift; sourceTree = "<group>"; };
		DDB89414202F8D11002F85EE /* ImageHeaderView.xib */ = {isa = PBXFileReference; lastKnownFileType = file.xib; path = ImageHeaderView.xib; sourceTree = "<group>"; };
		DDB89416202F8EE2002F85EE /* UIImageView.swift */ = {isa = PBXFileReference; lastKnownFileType = sourcecode.swift; path = UIImageView.swift; sourceTree = "<group>"; };
		DDB89418202F8F3E002F85EE /* UIIMage.swift */ = {isa = PBXFileReference; lastKnownFileType = sourcecode.swift; path = UIIMage.swift; sourceTree = "<group>"; };
		DDB8941A202F8F92002F85EE /* UIColor.swift */ = {isa = PBXFileReference; lastKnownFileType = sourcecode.swift; path = UIColor.swift; sourceTree = "<group>"; };
		DDB8941C202F9252002F85EE /* ExSlideMenuController.swift */ = {isa = PBXFileReference; lastKnownFileType = sourcecode.swift; path = ExSlideMenuController.swift; sourceTree = "<group>"; };
		DDB8941E202F937F002F85EE /* RightViewController.swift */ = {isa = PBXFileReference; lastKnownFileType = sourcecode.swift; path = RightViewController.swift; sourceTree = "<group>"; };
		DDB89420202F93B3002F85EE /* OverviewViewController.swift */ = {isa = PBXFileReference; lastKnownFileType = sourcecode.swift; path = OverviewViewController.swift; sourceTree = "<group>"; };
		DDB89426202F955F002F85EE /* UIView.swift */ = {isa = PBXFileReference; lastKnownFileType = sourcecode.swift; path = UIView.swift; sourceTree = "<group>"; };
		DDB89428202F95AC002F85EE /* UIApplication.swift */ = {isa = PBXFileReference; lastKnownFileType = sourcecode.swift; path = UIApplication.swift; sourceTree = "<group>"; };
		DDBC152B2095D2E900F68BA6 /* encryptWalletViewController.swift */ = {isa = PBXFileReference; lastKnownFileType = sourcecode.swift; path = encryptWalletViewController.swift; sourceTree = "<group>"; };
		E75324D536F1BD91575D0609 /* Pods_Decred_Wallet.framework */ = {isa = PBXFileReference; explicitFileType = wrapper.framework; includeInIndex = 0; path = Pods_Decred_Wallet.framework; sourceTree = BUILT_PRODUCTS_DIR; };
/* End PBXFileReference section */

/* Begin PBXFrameworksBuildPhase section */
		DDA3E26720292EF900C83D18 /* Frameworks */ = {
			isa = PBXFrameworksBuildPhase;
			buildActionMask = 2147483647;
			files = (
				958B537220CA9E5500F6684C /* Wallet.framework in Frameworks */,
				1E3D73D7EA02D2D2D3CD052C /* Pods_Decred_Wallet.framework in Frameworks */,
				B853136BC96255F028D8CB64 /* Pods_Decred_Wallet.framework in Frameworks */,
			);
			runOnlyForDeploymentPostprocessing = 0;
		};
		DDA3E27B20292EF900C83D18 /* Frameworks */ = {
			isa = PBXFrameworksBuildPhase;
			buildActionMask = 2147483647;
			files = (
				8B3D0E3D23B1530A4386BF70 /* Pods_Decred_WalletTests.framework in Frameworks */,
			);
			runOnlyForDeploymentPostprocessing = 0;
		};
/* End PBXFrameworksBuildPhase section */

/* Begin PBXGroup section */
		286E279620B6E22300EE0B08 /* DcrdConnection */ = {
			isa = PBXGroup;
			children = (
				286471BC20E527DD0067128B /* DcrTransactionTraffic.swift */,
				286E279720B6E22300EE0B08 /* DcrdWalletCreationSupport.swift */,
				286E279820B6E22300EE0B08 /* DcrObservers.swift */,
				286E279920B6E22300EE0B08 /* DcrConnectionProtocols.swift */,
				2870338A20BC5E7D00BFD0B8 /* JsonEntities.swift */,
				286E279A20B6E22300EE0B08 /* DcrdSeedMnemonicSupport.swift */,
				286E279B20B6E22300EE0B08 /* DcrdAccountsSupport.swift */,
				289807DD20BEE55A00C30338 /* DcrTransactionHistorySupport.swift */,
				28F3B7F520C5889900D2E0D3 /* ObserverProxy.h */,
				28F3B7F920C8356400D2E0D3 /* ObserverProxy.m */,
				28F3B7F420C5889900D2E0D3 /* decred_wallet-Bridging-Header.h */,
			);
			path = DcrdConnection;
			sourceTree = "<group>";
		};
		28EB91BD20FCFDBE007A0906 /* table_view_cell */ = {
			isa = PBXGroup;
			children = (
				28EB91BE20FCFDBE007A0906 /* TransactionHistoryTableViewCell.swift */,
				28EB91BF20FCFDBE007A0906 /* BaseTableViewCell.swift */,
				28EB91C020FCFDBE007A0906 /* TransactionHistoryTableViewCell.xib */,
				28EB91C120FCFDBE007A0906 /* AccountDataCell.swift */,
				28EB91C220FCFDBE007A0906 /* AccountDataCell.xib */,
				28EB91C320FCFDBE007A0906 /* DataTableViewCell.xib */,
				28EB91C420FCFDBE007A0906 /* MenuCell.swift */,
				28EB91C520FCFDBE007A0906 /* DataTableViewCell.swift */,
				28EB91C620FCFDBE007A0906 /* MenuCell.xib */,
			);
			path = table_view_cell;
			sourceTree = "<group>";
		};
		5300E0A95A9FA022A08F903E /* Frameworks */ = {
			isa = PBXGroup;
			children = (
				95AB6BDB20CA7DB900460281 /* Wallet.framework */,
				28FD1BD0208F6C9A0051F58F /* Pods_Decred_Wallet.framework */,
				28FD1BC5208E667F0051F58F /* Pods_Decred_Wallet.framework */,
				28FD1BC1208E659A0051F58F /* Pods_Decred_Wallet.framework */,
				E75324D536F1BD91575D0609 /* Pods_Decred_Wallet.framework */,
				90D70AB3B6A12D58F510F54C /* Pods_Decred_WalletTests.framework */,
			);
			name = Frameworks;
			sourceTree = "<group>";
		};
		952C932520E2174B00A60E43 /* ConfirmToSendFundController */ = {
			isa = PBXGroup;
			children = (
				952C932620E2174B00A60E43 /* ConfirmToSendFundViewController.swift */,
			);
			path = ConfirmToSendFundController;
			sourceTree = "<group>";
		};
		952C932820E247D100A60E43 /* SendCompletedViewController */ = {
			isa = PBXGroup;
			children = (
				952C932920E247FE00A60E43 /* SendCompletedViewController.storyboard */,
				952C932B20E2481500A60E43 /* SendCompletedViewController.swift */,
			);
			path = SendCompletedViewController;
			sourceTree = "<group>";
		};
		95404EBB20E113D700B34327 /* AccountsHeaderView */ = {
			isa = PBXGroup;
			children = (
				95404EBC20E113D700B34327 /* AccountsHeaderView.swift */,
				95404EBD20E113D700B34327 /* AccountsHeaderView.xib */,
			);
			path = AccountsHeaderView;
			sourceTree = "<group>";
		};
		95473E6220E393A00023F50A /* TransactionFullDetails */ = {
			isa = PBXGroup;
			children = (
				95473E6720E39DE70023F50A /* Cells */,
				95473E6320E393C00023F50A /* TransactionFullDetailsViewController.swift */,
				95473E6520E393E50023F50A /* TransactionFullDetailsViewController.storyboard */,
			);
			path = TransactionFullDetails;
			sourceTree = "<group>";
		};
		95473E6720E39DE70023F50A /* Cells */ = {
			isa = PBXGroup;
			children = (
				95473E6820E39E3C0023F50A /* TransactiontInputDetails.swift */,
				95473E6920E39E3C0023F50A /* TransactiontInputDetails.xib */,
				95473E6C20E39E7A0023F50A /* TransactiontOutputDetailsCell.swift */,
				95473E7020E3A4C00023F50A /* TransactiontOutputDetailsCell.xib */,
				95473E7220E3A6420023F50A /* TransactionDetailCell.swift */,
				95473E7320E3A6420023F50A /* TransactionDetailCell.xib */,
			);
			path = Cells;
			sourceTree = "<group>";
		};
		957F0AFD20B82F0800D3E8A9 /* Constants */ = {
			isa = PBXGroup;
			children = (
				956D14AD20BF035C00624D68 /* wordlist.txt */,
				957F0AFE20B82F3200D3E8A9 /* Constants.swift */,
			);
			path = Constants;
			sourceTree = "<group>";
		};
		95CC024220D3F14800DA73AF /* Accounts */ = {
			isa = PBXGroup;
			children = (
				95CC024320D3F15800DA73AF /* AccountsData.swift */,
			);
			path = Accounts;
			sourceTree = "<group>";
		};
		DD4C89DB2038EE60003FEA0C /* view_util */ = {
			isa = PBXGroup;
			children = (
				95B80F3020DCCCF2004D5613 /* iOSDevCenters+GIF.swift */,
				95B80F2F20DCCCF2004D5613 /* loaderAnimation.gif */,
				DD4C89D72038CABD003FEA0C /* keyPadButton.swift */,
				DDB89410202F8471002F85EE /* String.swift */,
				DDB89418202F8F3E002F85EE /* UIIMage.swift */,
				DDB8941A202F8F92002F85EE /* UIColor.swift */,
				DD4C89D82038CDBC003FEA0C /* DropMenuButton.swift */,
			);
			path = view_util;
			sourceTree = "<group>";
		};
		DD4C89DC2038EEEF003FEA0C /* view_controller */ = {
			isa = PBXGroup;
			children = (
				95473E6220E393A00023F50A /* TransactionFullDetails */,
				952C932820E247D100A60E43 /* SendCompletedViewController */,
				952C932520E2174B00A60E43 /* ConfirmToSendFundController */,
				95877FE720B70CBB00CE53D2 /* TransactionHistoryViewController.swift */,
				95877FE620B70CBB00CE53D2 /* TransactionHistoryViewController.xib */,
				DD24AFA320A6ED70009EC84F /* NetworkModeTableViewController.swift */,
				2883CA71209B52AE0053D9BB /* WaiterScreenViewController.swift */,
				DDB8941C202F9252002F85EE /* ExSlideMenuController.swift */,
				DDB8941E202F937F002F85EE /* RightViewController.swift */,
				DD96B33E20293F110046F2DD /* LeftViewController.swift */,
				DDB89401202F771F002F85EE /* UIViewController.swift */,
				DDA3E26F20292EF900C83D18 /* ViewController.swift */,
				DDB8940C202F82E6002F85EE /* SettingsController.swift */,
				DDB8940A202F82A3002F85EE /* AccountViewController.swift */,
				DDB89408202F824A002F85EE /* ReceiveViewController.swift */,
				DD41975E202F99A90044F068 /* SubContentsViewController.swift */,
				DDB89403202F7E01002F85EE /* SendViewController.swift */,
				DDB89420202F93B3002F85EE /* OverviewViewController.swift */,
				DD0C493D208A160900986C6B /* WalletSetupViewController.swift */,
				DD0C493F208A401A00986C6B /* saveSeedViewController.swift */,
				DDBC152B2095D2E900F68BA6 /* encryptWalletViewController.swift */,
				DD1D5C7B20AED824009789DD /* certificateViewController.swift */,
				957F0AF920B80EA600D3E8A9 /* RecoverWalletViewController.swift */,
				957F0AFA20B80EA600D3E8A9 /* RecoverWalletViewController.xib */,
			);
			path = view_controller;
			sourceTree = "<group>";
		};
		DD4C89DE2038F2DA003FEA0C /* extra_view */ = {
			isa = PBXGroup;
			children = (
				95404EBB20E113D700B34327 /* AccountsHeaderView */,
				2883CA6F2099D40F0053D9BB /* DropDownSearchField.swift */,
				95E1C96D20FCD43E00D7F3EE /* TextFieldDoneButton.swift */,
				DDB89412202F8635002F85EE /* ImageHeaderView.swift */,
				DDB89416202F8EE2002F85EE /* UIImageView.swift */,
				DDB89426202F955F002F85EE /* UIView.swift */,
				DD419762202F9B570044F068 /* UITableViewExtension.swift */,
			);
			path = extra_view;
			sourceTree = "<group>";
		};
		DDA3E26120292EF900C83D18 = {
			isa = PBXGroup;
			children = (
				DDA3E26C20292EF900C83D18 /* decred_wallet */,
				DDA3E28120292EF900C83D18 /* decred_wallet_tests */,
				DDA3E26B20292EF900C83D18 /* Products */,
				FC63DAD1B54B5F8BF85EAA63 /* Pods */,
				5300E0A95A9FA022A08F903E /* Frameworks */,
			);
			sourceTree = "<group>";
		};
		DDA3E26B20292EF900C83D18 /* Products */ = {
			isa = PBXGroup;
			children = (
				DDA3E26A20292EF900C83D18 /* DecredWallet.app */,
				DDA3E27E20292EF900C83D18 /* Decred WalletTests.xctest */,
			);
			name = Products;
			sourceTree = "<group>";
		};
		DDA3E26C20292EF900C83D18 /* decred_wallet */ = {
			isa = PBXGroup;
			children = (
				95CC024220D3F14800DA73AF /* Accounts */,
				957F0AFD20B82F0800D3E8A9 /* Constants */,
				286E279620B6E22300EE0B08 /* DcrdConnection */,
				DD4C89DB2038EE60003FEA0C /* view_util */,
				DDA3E26D20292EF900C83D18 /* AppDelegate.swift */,
				DDA3E27120292EF900C83D18 /* Main.storyboard */,
				DD1D5C8120AEE90D009789DD /* ServerSetTableViewController.swift */,
				DD1D5C8320AEE9FE009789DD /* PeerSetTableViewController.swift */,
				DD1D5C7D20AEDB15009789DD /* WalletLogViewController.swift */,
				DD1D5C7F20AEDB2B009789DD /* NodeLogViewController.swift */,
				28EB91BA20FCFDA1007A0906 /* CreatePasswordViewController.swift */,
				28EB91B920FCFDA0007A0906 /* SeedCheckupViewController.swift */,
				28EB91B720FCFD8F007A0906 /* GeneratedSeedDisplayViewController.swift */,
				28F0CE7220888258003AC958 /* Utils.swift */,
				28EB91BD20FCFDBE007A0906 /* table_view_cell */,
				DDA3E27420292EF900C83D18 /* Assets.xcassets */,
				DDA3E27620292EF900C83D18 /* LaunchScreen.storyboard */,
				DDA3E27920292EF900C83D18 /* Info.plist */,
				DD4C89DC2038EEEF003FEA0C /* view_controller */,
				DD4C89DE2038F2DA003FEA0C /* extra_view */,
				DDB89414202F8D11002F85EE /* ImageHeaderView.xib */,
				DDB89428202F95AC002F85EE /* UIApplication.swift */,
				28F0CE7420888386003AC958 /* AppContext.swift */,
				2883CA73209B5BA40053D9BB /* Modals.storyboard */,
			);
			path = decred_wallet;
			sourceTree = "<group>";
		};
		DDA3E28120292EF900C83D18 /* decred_wallet_tests */ = {
			isa = PBXGroup;
			children = (
				DDA3E28220292EF900C83D18 /* Decred_WalletTests.swift */,
				DDA3E28420292EF900C83D18 /* Info.plist */,
			);
			path = decred_wallet_tests;
			sourceTree = "<group>";
		};
		FC63DAD1B54B5F8BF85EAA63 /* Pods */ = {
			isa = PBXGroup;
			children = (
				2C59C3E0BD7A56A91BB0B9B1 /* Pods-Decred Wallet.debug.xcconfig */,
				31D8BF868913ED4E2A4B0577 /* Pods-Decred Wallet.release.xcconfig */,
				109877DFD2DABA7636DA7B92 /* Pods-Decred WalletTests.debug.xcconfig */,
				A1A97C56BC75512DA55A8A70 /* Pods-Decred WalletTests.release.xcconfig */,
			);
			name = Pods;
			sourceTree = "<group>";
		};
/* End PBXGroup section */

/* Begin PBXNativeTarget section */
		DDA3E26920292EF900C83D18 /* Decred Wallet */ = {
			isa = PBXNativeTarget;
			buildConfigurationList = DDA3E28720292EF900C83D18 /* Build configuration list for PBXNativeTarget "Decred Wallet" */;
			buildPhases = (
				2912517399E7E37550748749 /* [CP] Check Pods Manifest.lock */,
				DDA3E26620292EF900C83D18 /* Sources */,
				DDA3E26720292EF900C83D18 /* Frameworks */,
				DDA3E26820292EF900C83D18 /* Resources */,
				88FE9A5EBEA8DA5D7D45387C /* [CP] Embed Pods Frameworks */,
				28F0CE952088B1AF003AC958 /* Embed Frameworks */,
				80541BBF86DDD6549F93E42D /* [CP] Copy Pods Resources */,
			);
			buildRules = (
			);
			dependencies = (
			);
			name = "Decred Wallet";
			productName = "Decred Wallet";
			productReference = DDA3E26A20292EF900C83D18 /* DecredWallet.app */;
			productType = "com.apple.product-type.application";
		};
		DDA3E27D20292EF900C83D18 /* Decred WalletTests */ = {
			isa = PBXNativeTarget;
			buildConfigurationList = DDA3E28A20292EF900C83D18 /* Build configuration list for PBXNativeTarget "Decred WalletTests" */;
			buildPhases = (
				D1C1F21C20254B5EAD1242CA /* [CP] Check Pods Manifest.lock */,
				DDA3E27A20292EF900C83D18 /* Sources */,
				DDA3E27B20292EF900C83D18 /* Frameworks */,
				DDA3E27C20292EF900C83D18 /* Resources */,
				ACC628793F72BF4E3F81B0BE /* [CP] Embed Pods Frameworks */,
				377EE9B5356E9F2B2B84A61E /* [CP] Copy Pods Resources */,
			);
			buildRules = (
			);
			dependencies = (
				DDA3E28020292EF900C83D18 /* PBXTargetDependency */,
			);
			name = "Decred WalletTests";
			productName = "Decred WalletTests";
			productReference = DDA3E27E20292EF900C83D18 /* Decred WalletTests.xctest */;
			productType = "com.apple.product-type.bundle.unit-test";
		};
/* End PBXNativeTarget section */

/* Begin PBXProject section */
		DDA3E26220292EF900C83D18 /* Project object */ = {
			isa = PBXProject;
			attributes = {
				LastSwiftUpdateCheck = 0920;
				LastUpgradeCheck = 0910;
				ORGANIZATIONNAME = "The Decred developers";
				TargetAttributes = {
					DDA3E26920292EF900C83D18 = {
						CreatedOnToolsVersion = 9.1;
						LastSwiftMigration = 0940;
						ProvisioningStyle = Automatic;
					};
					DDA3E27D20292EF900C83D18 = {
						CreatedOnToolsVersion = 9.1;
						ProvisioningStyle = Automatic;
						TestTargetID = DDA3E26920292EF900C83D18;
					};
				};
			};
			buildConfigurationList = DDA3E26520292EF900C83D18 /* Build configuration list for PBXProject "decred_wallet" */;
			compatibilityVersion = "Xcode 8.0";
			developmentRegion = en;
			hasScannedForEncodings = 0;
			knownRegions = (
				en,
				Base,
			);
			mainGroup = DDA3E26120292EF900C83D18;
			productRefGroup = DDA3E26B20292EF900C83D18 /* Products */;
			projectDirPath = "";
			projectRoot = "";
			targets = (
				DDA3E26920292EF900C83D18 /* Decred Wallet */,
				DDA3E27D20292EF900C83D18 /* Decred WalletTests */,
			);
		};
/* End PBXProject section */

/* Begin PBXResourcesBuildPhase section */
		DDA3E26820292EF900C83D18 /* Resources */ = {
			isa = PBXResourcesBuildPhase;
			buildActionMask = 2147483647;
			files = (
				DDA3E27820292EF900C83D18 /* LaunchScreen.storyboard in Resources */,
				28EB91CC20FCFDBE007A0906 /* DataTableViewCell.xib in Resources */,
				28EB91CF20FCFDBE007A0906 /* MenuCell.xib in Resources */,
				956D14AE20BF035D00624D68 /* wordlist.txt in Resources */,
				28EB91CB20FCFDBE007A0906 /* AccountDataCell.xib in Resources */,
				DDA3E27520292EF900C83D18 /* Assets.xcassets in Resources */,
				957F0AFC20B80EA600D3E8A9 /* RecoverWalletViewController.xib in Resources */,
				95473E6620E393E50023F50A /* TransactionFullDetailsViewController.storyboard in Resources */,
				95473E7520E3A6420023F50A /* TransactionDetailCell.xib in Resources */,
				95473E6B20E39E3C0023F50A /* TransactiontInputDetails.xib in Resources */,
				28EB91C920FCFDBE007A0906 /* TransactionHistoryTableViewCell.xib in Resources */,
				95877FE820B70CBB00CE53D2 /* TransactionHistoryViewController.xib in Resources */,
				95B80F3120DCCCF2004D5613 /* loaderAnimation.gif in Resources */,
				DDA3E27320292EF900C83D18 /* Main.storyboard in Resources */,
				95473E7120E3A4C20023F50A /* TransactiontOutputDetailsCell.xib in Resources */,
				2883CA74209B5BA40053D9BB /* Modals.storyboard in Resources */,
				DDB89415202F8D11002F85EE /* ImageHeaderView.xib in Resources */,
				95404EBF20E113D700B34327 /* AccountsHeaderView.xib in Resources */,
				952C932A20E247FE00A60E43 /* SendCompletedViewController.storyboard in Resources */,
			);
			runOnlyForDeploymentPostprocessing = 0;
		};
		DDA3E27C20292EF900C83D18 /* Resources */ = {
			isa = PBXResourcesBuildPhase;
			buildActionMask = 2147483647;
			files = (
			);
			runOnlyForDeploymentPostprocessing = 0;
		};
/* End PBXResourcesBuildPhase section */

/* Begin PBXShellScriptBuildPhase section */
		2912517399E7E37550748749 /* [CP] Check Pods Manifest.lock */ = {
			isa = PBXShellScriptBuildPhase;
			buildActionMask = 2147483647;
			files = (
			);
			inputPaths = (
				"${PODS_PODFILE_DIR_PATH}/Podfile.lock",
				"${PODS_ROOT}/Manifest.lock",
			);
			name = "[CP] Check Pods Manifest.lock";
			outputPaths = (
				"$(DERIVED_FILE_DIR)/Pods-Decred Wallet-checkManifestLockResult.txt",
			);
			runOnlyForDeploymentPostprocessing = 0;
			shellPath = /bin/sh;
			shellScript = "diff \"${PODS_PODFILE_DIR_PATH}/Podfile.lock\" \"${PODS_ROOT}/Manifest.lock\" > /dev/null\nif [ $? != 0 ] ; then\n    # print error to STDERR\n    echo \"error: The sandbox is not in sync with the Podfile.lock. Run 'pod install' or update your CocoaPods installation.\" >&2\n    exit 1\nfi\n# This output is used by Xcode 'outputs' to avoid re-running this script phase.\necho \"SUCCESS\" > \"${SCRIPT_OUTPUT_FILE_0}\"\n";
			showEnvVarsInLog = 0;
		};
		377EE9B5356E9F2B2B84A61E /* [CP] Copy Pods Resources */ = {
			isa = PBXShellScriptBuildPhase;
			buildActionMask = 2147483647;
			files = (
			);
			inputPaths = (
			);
			name = "[CP] Copy Pods Resources";
			outputPaths = (
			);
			runOnlyForDeploymentPostprocessing = 0;
			shellPath = /bin/sh;
			shellScript = "\"${SRCROOT}/Pods/Target Support Files/Pods-Decred WalletTests/Pods-Decred WalletTests-resources.sh\"\n";
			showEnvVarsInLog = 0;
		};
		80541BBF86DDD6549F93E42D /* [CP] Copy Pods Resources */ = {
			isa = PBXShellScriptBuildPhase;
			buildActionMask = 2147483647;
			files = (
			);
			inputPaths = (
			);
			name = "[CP] Copy Pods Resources";
			outputPaths = (
			);
			runOnlyForDeploymentPostprocessing = 0;
			shellPath = /bin/sh;
			shellScript = "\"${SRCROOT}/Pods/Target Support Files/Pods-Decred Wallet/Pods-Decred Wallet-resources.sh\"\n";
			showEnvVarsInLog = 0;
		};
		88FE9A5EBEA8DA5D7D45387C /* [CP] Embed Pods Frameworks */ = {
			isa = PBXShellScriptBuildPhase;
			buildActionMask = 2147483647;
			files = (
			);
			inputPaths = (
				"${SRCROOT}/Pods/Target Support Files/Pods-Decred Wallet/Pods-Decred Wallet-frameworks.sh",
				"${BUILT_PRODUCTS_DIR}/IQKeyboardManager/IQKeyboardManager.framework",
				"${BUILT_PRODUCTS_DIR}/MBProgressHUD/MBProgressHUD.framework",
				"${BUILT_PRODUCTS_DIR}/SlideMenuControllerSwift/SlideMenuControllerSwift.framework",
			);
			name = "[CP] Embed Pods Frameworks";
			outputPaths = (
				"${TARGET_BUILD_DIR}/${FRAMEWORKS_FOLDER_PATH}/IQKeyboardManager.framework",
				"${TARGET_BUILD_DIR}/${FRAMEWORKS_FOLDER_PATH}/MBProgressHUD.framework",
				"${TARGET_BUILD_DIR}/${FRAMEWORKS_FOLDER_PATH}/SlideMenuControllerSwift.framework",
			);
			runOnlyForDeploymentPostprocessing = 0;
			shellPath = /bin/sh;
			shellScript = "\"${SRCROOT}/Pods/Target Support Files/Pods-Decred Wallet/Pods-Decred Wallet-frameworks.sh\"\n";
			showEnvVarsInLog = 0;
		};
		ACC628793F72BF4E3F81B0BE /* [CP] Embed Pods Frameworks */ = {
			isa = PBXShellScriptBuildPhase;
			buildActionMask = 2147483647;
			files = (
			);
			inputPaths = (
			);
			name = "[CP] Embed Pods Frameworks";
			outputPaths = (
			);
			runOnlyForDeploymentPostprocessing = 0;
			shellPath = /bin/sh;
			shellScript = "\"${SRCROOT}/Pods/Target Support Files/Pods-Decred WalletTests/Pods-Decred WalletTests-frameworks.sh\"\n";
			showEnvVarsInLog = 0;
		};
		D1C1F21C20254B5EAD1242CA /* [CP] Check Pods Manifest.lock */ = {
			isa = PBXShellScriptBuildPhase;
			buildActionMask = 2147483647;
			files = (
			);
			inputPaths = (
				"${PODS_PODFILE_DIR_PATH}/Podfile.lock",
				"${PODS_ROOT}/Manifest.lock",
			);
			name = "[CP] Check Pods Manifest.lock";
			outputPaths = (
				"$(DERIVED_FILE_DIR)/Pods-Decred WalletTests-checkManifestLockResult.txt",
			);
			runOnlyForDeploymentPostprocessing = 0;
			shellPath = /bin/sh;
			shellScript = "diff \"${PODS_PODFILE_DIR_PATH}/Podfile.lock\" \"${PODS_ROOT}/Manifest.lock\" > /dev/null\nif [ $? != 0 ] ; then\n    # print error to STDERR\n    echo \"error: The sandbox is not in sync with the Podfile.lock. Run 'pod install' or update your CocoaPods installation.\" >&2\n    exit 1\nfi\n# This output is used by Xcode 'outputs' to avoid re-running this script phase.\necho \"SUCCESS\" > \"${SCRIPT_OUTPUT_FILE_0}\"\n";
			showEnvVarsInLog = 0;
		};
/* End PBXShellScriptBuildPhase section */

/* Begin PBXSourcesBuildPhase section */
		DDA3E26620292EF900C83D18 /* Sources */ = {
			isa = PBXSourcesBuildPhase;
			buildActionMask = 2147483647;
			files = (
				DDB89409202F824A002F85EE /* ReceiveViewController.swift in Sources */,
				DD1D5C8220AEE90D009789DD /* ServerSetTableViewController.swift in Sources */,
				DD1D5C8420AEE9FF009789DD /* PeerSetTableViewController.swift in Sources */,
				DDB8941F202F937F002F85EE /* RightViewController.swift in Sources */,
				DD0C493E208A160900986C6B /* WalletSetupViewController.swift in Sources */,
				286E279D20B6E22400EE0B08 /* DcrObservers.swift in Sources */,
				DDB8941B202F8F92002F85EE /* UIColor.swift in Sources */,
				28EB91BC20FCFDA1007A0906 /* CreatePasswordViewController.swift in Sources */,
				95404EBE20E113D700B34327 /* AccountsHeaderView.swift in Sources */,
				28EB91C720FCFDBE007A0906 /* TransactionHistoryTableViewCell.swift in Sources */,
				95473E7420E3A6420023F50A /* TransactionDetailCell.swift in Sources */,
				28F0CE7320888258003AC958 /* Utils.swift in Sources */,
				28EB91CE20FCFDBE007A0906 /* DataTableViewCell.swift in Sources */,
				DDB89404202F7E01002F85EE /* SendViewController.swift in Sources */,
				DDB89411202F8471002F85EE /* String.swift in Sources */,
				286E279E20B6E22400EE0B08 /* DcrConnectionProtocols.swift in Sources */,
				DD419763202F9B570044F068 /* UITableViewExtension.swift in Sources */,
				DDB89413202F8635002F85EE /* ImageHeaderView.swift in Sources */,
				95877FE920B70CBB00CE53D2 /* TransactionHistoryViewController.swift in Sources */,
				DD1D5C7E20AEDB15009789DD /* WalletLogViewController.swift in Sources */,
				28EB91CA20FCFDBE007A0906 /* AccountDataCell.swift in Sources */,
				DD4C89DA2038EC3F003FEA0C /* keyPadButton.swift in Sources */,
				28EB91C820FCFDBE007A0906 /* BaseTableViewCell.swift in Sources */,
				DDB8941D202F9252002F85EE /* ExSlideMenuController.swift in Sources */,
				95B80F3220DCCCF2004D5613 /* iOSDevCenters+GIF.swift in Sources */,
				2883CA72209B52AE0053D9BB /* WaiterScreenViewController.swift in Sources */,
				DDB89421202F93B3002F85EE /* OverviewViewController.swift in Sources */,
				2883CA702099D40F0053D9BB /* DropDownSearchField.swift in Sources */,
				289807DE20BEE55A00C30338 /* DcrTransactionHistorySupport.swift in Sources */,
				95473E6E20E39E7A0023F50A /* TransactiontOutputDetailsCell.swift in Sources */,
				DDB89429202F95AC002F85EE /* UIApplication.swift in Sources */,
				957F0AFB20B80EA600D3E8A9 /* RecoverWalletViewController.swift in Sources */,
				DD24AFA420A6ED70009EC84F /* NetworkModeTableViewController.swift in Sources */,
				DD4C89D92038EC12003FEA0C /* DropMenuButton.swift in Sources */,
				DDB89419202F8F3E002F85EE /* UIIMage.swift in Sources */,
				28EB91BB20FCFDA1007A0906 /* SeedCheckupViewController.swift in Sources */,
				957F0AFF20B82F3200D3E8A9 /* Constants.swift in Sources */,
				952C932720E2174B00A60E43 /* ConfirmToSendFundViewController.swift in Sources */,
				DD1D5C8020AEDB2B009789DD /* NodeLogViewController.swift in Sources */,
				286E279C20B6E22400EE0B08 /* DcrdWalletCreationSupport.swift in Sources */,
				952C932C20E2481500A60E43 /* SendCompletedViewController.swift in Sources */,
				286E27A020B6E22400EE0B08 /* DcrdAccountsSupport.swift in Sources */,
				28F3B7FA20C8356400D2E0D3 /* ObserverProxy.m in Sources */,
				DDB89417202F8EE2002F85EE /* UIImageView.swift in Sources */,
				28EB91B820FCFD8F007A0906 /* GeneratedSeedDisplayViewController.swift in Sources */,
				DD1D5C7C20AED828009789DD /* certificateViewController.swift in Sources */,
				DD96B33F20293F110046F2DD /* LeftViewController.swift in Sources */,
				DD0C4940208A401A00986C6B /* saveSeedViewController.swift in Sources */,
				DDA3E27020292EF900C83D18 /* ViewController.swift in Sources */,
				286471BD20E527DD0067128B /* DcrTransactionTraffic.swift in Sources */,
				2870338B20BC5E7D00BFD0B8 /* JsonEntities.swift in Sources */,
				DD41975F202F99A90044F068 /* SubContentsViewController.swift in Sources */,
				DDB89427202F955F002F85EE /* UIView.swift in Sources */,
				95473E6A20E39E3C0023F50A /* TransactiontInputDetails.swift in Sources */,
				95CC024420D3F15800DA73AF /* AccountsData.swift in Sources */,
				28F0CE7520888386003AC958 /* AppContext.swift in Sources */,
				DDBC152C2095D2E900F68BA6 /* encryptWalletViewController.swift in Sources */,
				DDB89402202F771F002F85EE /* UIViewController.swift in Sources */,
				DDA3E26E20292EF900C83D18 /* AppDelegate.swift in Sources */,
				DDB8940D202F82E6002F85EE /* SettingsController.swift in Sources */,
				DDB8940B202F82A3002F85EE /* AccountViewController.swift in Sources */,
				95E1C96E20FCD43E00D7F3EE /* TextFieldDoneButton.swift in Sources */,
				286E279F20B6E22400EE0B08 /* DcrdSeedMnemonicSupport.swift in Sources */,
				28EB91CD20FCFDBE007A0906 /* MenuCell.swift in Sources */,
				95473E6420E393C00023F50A /* TransactionFullDetailsViewController.swift in Sources */,
			);
			runOnlyForDeploymentPostprocessing = 0;
		};
		DDA3E27A20292EF900C83D18 /* Sources */ = {
			isa = PBXSourcesBuildPhase;
			buildActionMask = 2147483647;
			files = (
				DDA3E28320292EF900C83D18 /* Decred_WalletTests.swift in Sources */,
			);
			runOnlyForDeploymentPostprocessing = 0;
		};
/* End PBXSourcesBuildPhase section */

/* Begin PBXTargetDependency section */
		DDA3E28020292EF900C83D18 /* PBXTargetDependency */ = {
			isa = PBXTargetDependency;
			target = DDA3E26920292EF900C83D18 /* Decred Wallet */;
			targetProxy = DDA3E27F20292EF900C83D18 /* PBXContainerItemProxy */;
		};
/* End PBXTargetDependency section */

/* Begin PBXVariantGroup section */
		DDA3E27120292EF900C83D18 /* Main.storyboard */ = {
			isa = PBXVariantGroup;
			children = (
				DDA3E27220292EF900C83D18 /* Base */,
			);
			name = Main.storyboard;
			sourceTree = "<group>";
		};
		DDA3E27620292EF900C83D18 /* LaunchScreen.storyboard */ = {
			isa = PBXVariantGroup;
			children = (
				DDA3E27720292EF900C83D18 /* Base */,
			);
			name = LaunchScreen.storyboard;
			sourceTree = "<group>";
		};
/* End PBXVariantGroup section */

/* Begin XCBuildConfiguration section */
		DDA3E28520292EF900C83D18 /* Debug */ = {
			isa = XCBuildConfiguration;
			buildSettings = {
				ALWAYS_SEARCH_USER_PATHS = NO;
				CLANG_ANALYZER_NONNULL = YES;
				CLANG_ANALYZER_NUMBER_OBJECT_CONVERSION = YES_AGGRESSIVE;
				CLANG_CXX_LANGUAGE_STANDARD = "gnu++14";
				CLANG_CXX_LIBRARY = "libc++";
				CLANG_ENABLE_MODULES = YES;
				CLANG_ENABLE_OBJC_ARC = YES;
				CLANG_WARN_BLOCK_CAPTURE_AUTORELEASING = YES;
				CLANG_WARN_BOOL_CONVERSION = YES;
				CLANG_WARN_COMMA = YES;
				CLANG_WARN_CONSTANT_CONVERSION = YES;
				CLANG_WARN_DIRECT_OBJC_ISA_USAGE = YES_ERROR;
				CLANG_WARN_DOCUMENTATION_COMMENTS = YES;
				CLANG_WARN_EMPTY_BODY = YES;
				CLANG_WARN_ENUM_CONVERSION = YES;
				CLANG_WARN_INFINITE_RECURSION = YES;
				CLANG_WARN_INT_CONVERSION = YES;
				CLANG_WARN_NON_LITERAL_NULL_CONVERSION = YES;
				CLANG_WARN_OBJC_LITERAL_CONVERSION = YES;
				CLANG_WARN_OBJC_ROOT_CLASS = YES_ERROR;
				CLANG_WARN_RANGE_LOOP_ANALYSIS = YES;
				CLANG_WARN_STRICT_PROTOTYPES = YES;
				CLANG_WARN_SUSPICIOUS_MOVE = YES;
				CLANG_WARN_UNGUARDED_AVAILABILITY = YES_AGGRESSIVE;
				CLANG_WARN_UNREACHABLE_CODE = YES;
				CLANG_WARN__DUPLICATE_METHOD_MATCH = YES;
				CODE_SIGN_IDENTITY = "iPhone Developer";
				COPY_PHASE_STRIP = NO;
				DEBUG_INFORMATION_FORMAT = dwarf;
				ENABLE_STRICT_OBJC_MSGSEND = YES;
				ENABLE_TESTABILITY = YES;
				GCC_C_LANGUAGE_STANDARD = gnu11;
				GCC_DYNAMIC_NO_PIC = NO;
				GCC_NO_COMMON_BLOCKS = YES;
				GCC_OPTIMIZATION_LEVEL = 0;
				GCC_PREPROCESSOR_DEFINITIONS = (
					"DEBUG=1",
					"$(inherited)",
				);
				GCC_WARN_64_TO_32_BIT_CONVERSION = YES;
				GCC_WARN_ABOUT_RETURN_TYPE = YES_ERROR;
				GCC_WARN_UNDECLARED_SELECTOR = YES;
				GCC_WARN_UNINITIALIZED_AUTOS = YES_AGGRESSIVE;
				GCC_WARN_UNUSED_FUNCTION = YES;
				GCC_WARN_UNUSED_VARIABLE = YES;
				IPHONEOS_DEPLOYMENT_TARGET = 11.1;
				MTL_ENABLE_DEBUG_INFO = YES;
				ONLY_ACTIVE_ARCH = YES;
				SDKROOT = iphoneos;
				SWIFT_ACTIVE_COMPILATION_CONDITIONS = DEBUG;
				SWIFT_OPTIMIZATION_LEVEL = "-Onone";
			};
			name = Debug;
		};
		DDA3E28620292EF900C83D18 /* Release */ = {
			isa = XCBuildConfiguration;
			buildSettings = {
				ALWAYS_SEARCH_USER_PATHS = NO;
				CLANG_ANALYZER_NONNULL = YES;
				CLANG_ANALYZER_NUMBER_OBJECT_CONVERSION = YES_AGGRESSIVE;
				CLANG_CXX_LANGUAGE_STANDARD = "gnu++14";
				CLANG_CXX_LIBRARY = "libc++";
				CLANG_ENABLE_MODULES = YES;
				CLANG_ENABLE_OBJC_ARC = YES;
				CLANG_WARN_BLOCK_CAPTURE_AUTORELEASING = YES;
				CLANG_WARN_BOOL_CONVERSION = YES;
				CLANG_WARN_COMMA = YES;
				CLANG_WARN_CONSTANT_CONVERSION = YES;
				CLANG_WARN_DIRECT_OBJC_ISA_USAGE = YES_ERROR;
				CLANG_WARN_DOCUMENTATION_COMMENTS = YES;
				CLANG_WARN_EMPTY_BODY = YES;
				CLANG_WARN_ENUM_CONVERSION = YES;
				CLANG_WARN_INFINITE_RECURSION = YES;
				CLANG_WARN_INT_CONVERSION = YES;
				CLANG_WARN_NON_LITERAL_NULL_CONVERSION = YES;
				CLANG_WARN_OBJC_LITERAL_CONVERSION = YES;
				CLANG_WARN_OBJC_ROOT_CLASS = YES_ERROR;
				CLANG_WARN_RANGE_LOOP_ANALYSIS = YES;
				CLANG_WARN_STRICT_PROTOTYPES = YES;
				CLANG_WARN_SUSPICIOUS_MOVE = YES;
				CLANG_WARN_UNGUARDED_AVAILABILITY = YES_AGGRESSIVE;
				CLANG_WARN_UNREACHABLE_CODE = YES;
				CLANG_WARN__DUPLICATE_METHOD_MATCH = YES;
				CODE_SIGN_IDENTITY = "iPhone Developer";
				COPY_PHASE_STRIP = NO;
				DEBUG_INFORMATION_FORMAT = "dwarf-with-dsym";
				ENABLE_NS_ASSERTIONS = NO;
				ENABLE_STRICT_OBJC_MSGSEND = YES;
				GCC_C_LANGUAGE_STANDARD = gnu11;
				GCC_NO_COMMON_BLOCKS = YES;
				GCC_WARN_64_TO_32_BIT_CONVERSION = YES;
				GCC_WARN_ABOUT_RETURN_TYPE = YES_ERROR;
				GCC_WARN_UNDECLARED_SELECTOR = YES;
				GCC_WARN_UNINITIALIZED_AUTOS = YES_AGGRESSIVE;
				GCC_WARN_UNUSED_FUNCTION = YES;
				GCC_WARN_UNUSED_VARIABLE = YES;
				IPHONEOS_DEPLOYMENT_TARGET = 11.1;
				MTL_ENABLE_DEBUG_INFO = NO;
				SDKROOT = iphoneos;
				SWIFT_OPTIMIZATION_LEVEL = "-Owholemodule";
				VALIDATE_PRODUCT = YES;
			};
			name = Release;
		};
		DDA3E28820292EF900C83D18 /* Debug */ = {
			isa = XCBuildConfiguration;
			baseConfigurationReference = 2C59C3E0BD7A56A91BB0B9B1 /* Pods-Decred Wallet.debug.xcconfig */;
			buildSettings = {
				ALWAYS_EMBED_SWIFT_STANDARD_LIBRARIES = YES;
				ASSETCATALOG_COMPILER_APPICON_NAME = AppIcon;
				CLANG_ENABLE_MODULES = YES;
				CODE_SIGN_STYLE = Automatic;
				DEVELOPMENT_TEAM = CW6QM3K6LP;
				ENABLE_BITCODE = NO;
				FRAMEWORK_SEARCH_PATHS = (
					"$(inherited)",
					"$(PROJECT_DIR)/mobilewallet",
					"$(PROJECT_DIR)/mobiwallet",
					"$(PROJECT_DIR)/wallet/debug",
				);
				INFOPLIST_FILE = decred_wallet/Info.plist;
				IPHONEOS_DEPLOYMENT_TARGET = 10.3;
				LD_RUNPATH_SEARCH_PATHS = "$(inherited) @executable_path/Frameworks";
				PRODUCT_BUNDLE_IDENTIFIER = "com.macsleven.Decred-Wallet";
				PRODUCT_NAME = DecredWallet;
				SWIFT_OBJC_BRIDGING_HEADER = "decred_wallet/DcrdConnection/decred_wallet-Bridging-Header.h";
				SWIFT_OPTIMIZATION_LEVEL = "-Onone";
				SWIFT_VERSION = 4.0;
				TARGETED_DEVICE_FAMILY = "1,2";
			};
			name = Debug;
		};
		DDA3E28920292EF900C83D18 /* Release */ = {
			isa = XCBuildConfiguration;
			baseConfigurationReference = 31D8BF868913ED4E2A4B0577 /* Pods-Decred Wallet.release.xcconfig */;
			buildSettings = {
				ALWAYS_EMBED_SWIFT_STANDARD_LIBRARIES = YES;
				ASSETCATALOG_COMPILER_APPICON_NAME = AppIcon;
				CLANG_ENABLE_MODULES = YES;
				CODE_SIGN_STYLE = Automatic;
				DEVELOPMENT_TEAM = CW6QM3K6LP;
				ENABLE_BITCODE = NO;
				FRAMEWORK_SEARCH_PATHS = (
					"$(inherited)",
					"$(PROJECT_DIR)/mobilewallet",
					"$(PROJECT_DIR)/mobiwallet",
					"$(PROJECT_DIR)/wallet/debug",
				);
				INFOPLIST_FILE = decred_wallet/Info.plist;
				IPHONEOS_DEPLOYMENT_TARGET = 10.3;
				LD_RUNPATH_SEARCH_PATHS = "$(inherited) @executable_path/Frameworks";
				PRODUCT_BUNDLE_IDENTIFIER = "com.macsleven.Decred-Wallet";
				PRODUCT_NAME = DecredWallet;
				SWIFT_OBJC_BRIDGING_HEADER = "decred_wallet/DcrdConnection/decred_wallet-Bridging-Header.h";
				SWIFT_VERSION = 4.0;
				TARGETED_DEVICE_FAMILY = "1,2";
			};
			name = Release;
		};
		DDA3E28B20292EF900C83D18 /* Debug */ = {
			isa = XCBuildConfiguration;
			baseConfigurationReference = 109877DFD2DABA7636DA7B92 /* Pods-Decred WalletTests.debug.xcconfig */;
			buildSettings = {
				ALWAYS_EMBED_SWIFT_STANDARD_LIBRARIES = YES;
				BUNDLE_LOADER = "$(TEST_HOST)";
				CODE_SIGN_STYLE = Automatic;
				DEVELOPMENT_TEAM = KQ46EWSK84;
				INFOPLIST_FILE = "Decred WalletTests/Info.plist";
				LD_RUNPATH_SEARCH_PATHS = "$(inherited) @executable_path/Frameworks @loader_path/Frameworks";
				PRODUCT_BUNDLE_IDENTIFIER = "com.macsleven.Decred-WalletTests";
				PRODUCT_NAME = "$(TARGET_NAME)";
				SWIFT_VERSION = 4.0;
				TARGETED_DEVICE_FAMILY = "1,2";
				TEST_HOST = "$(BUILT_PRODUCTS_DIR)/Decred Wallet.app/Decred Wallet";
			};
			name = Debug;
		};
		DDA3E28C20292EF900C83D18 /* Release */ = {
			isa = XCBuildConfiguration;
			baseConfigurationReference = A1A97C56BC75512DA55A8A70 /* Pods-Decred WalletTests.release.xcconfig */;
			buildSettings = {
				ALWAYS_EMBED_SWIFT_STANDARD_LIBRARIES = YES;
				BUNDLE_LOADER = "$(TEST_HOST)";
				CODE_SIGN_STYLE = Automatic;
				DEVELOPMENT_TEAM = KQ46EWSK84;
				INFOPLIST_FILE = "Decred WalletTests/Info.plist";
				LD_RUNPATH_SEARCH_PATHS = "$(inherited) @executable_path/Frameworks @loader_path/Frameworks";
				PRODUCT_BUNDLE_IDENTIFIER = "com.macsleven.Decred-WalletTests";
				PRODUCT_NAME = "$(TARGET_NAME)";
				SWIFT_VERSION = 4.0;
				TARGETED_DEVICE_FAMILY = "1,2";
				TEST_HOST = "$(BUILT_PRODUCTS_DIR)/Decred Wallet.app/Decred Wallet";
			};
			name = Release;
		};
/* End XCBuildConfiguration section */

/* Begin XCConfigurationList section */
		DDA3E26520292EF900C83D18 /* Build configuration list for PBXProject "decred_wallet" */ = {
			isa = XCConfigurationList;
			buildConfigurations = (
				DDA3E28520292EF900C83D18 /* Debug */,
				DDA3E28620292EF900C83D18 /* Release */,
			);
			defaultConfigurationIsVisible = 0;
			defaultConfigurationName = Release;
		};
		DDA3E28720292EF900C83D18 /* Build configuration list for PBXNativeTarget "Decred Wallet" */ = {
			isa = XCConfigurationList;
			buildConfigurations = (
				DDA3E28820292EF900C83D18 /* Debug */,
				DDA3E28920292EF900C83D18 /* Release */,
			);
			defaultConfigurationIsVisible = 0;
			defaultConfigurationName = Release;
		};
		DDA3E28A20292EF900C83D18 /* Build configuration list for PBXNativeTarget "Decred WalletTests" */ = {
			isa = XCConfigurationList;
			buildConfigurations = (
				DDA3E28B20292EF900C83D18 /* Debug */,
				DDA3E28C20292EF900C83D18 /* Release */,
			);
			defaultConfigurationIsVisible = 0;
			defaultConfigurationName = Release;
		};
/* End XCConfigurationList section */
	};
	rootObject = DDA3E26220292EF900C83D18 /* Project object */;
}
